
Microsoft Visual Studio Solution File, Format Version 12.00
# Visual Studio Version 17
VisualStudioVersion = 17.4.33205.214
MinimumVisualStudioVersion = 10.0.40219.1
Project("{9A19103F-16F7-4668-BE54-9A1E7A4F7556}") = "OpenAISharp.Examples.BlazorServer", "OpenAISharp.Examples.BlazorServer\OpenAISharp.Examples.BlazorServer.csproj", "{5D07517B-15B6-4352-B686-D9252F36B2C8}"
EndProject
Project("{9A19103F-16F7-4668-BE54-9A1E7A4F7556}") = "OpenAISharp.Examples.BlazorWebAssembly", "OpenAISharp.Examples.BlazorWebAssembly\OpenAISharp.Examples.BlazorWebAssembly.csproj", "{3B423983-AD48-4024-B895-B4E6F08D0C53}"
EndProject
Project("{9A19103F-16F7-4668-BE54-9A1E7A4F7556}") = "OpenAISharp.Examples.WebApiNet6", "OpenAISharp.Examples.WebApiNet6\OpenAISharp.Examples.WebApiNet6.csproj", "{D9699575-C28B-48DD-AACA-7AA0BCFA67FF}"
EndProject
Project("{9A19103F-16F7-4668-BE54-9A1E7A4F7556}") = "OpenAISharp.Examples.WebApiNet7", "OpenAISharp.Examples.WebApiNet7\OpenAISharp.Examples.WebApiNet7.csproj", "{966C6FD5-7A84-4D74-9BF7-65ECE201AA05}"
EndProject
Project("{9A19103F-16F7-4668-BE54-9A1E7A4F7556}") = "OpenAISharp.Examples.WebApiNetCore31", "OpenAISharp.Examples.WebApiNetCore31\OpenAISharp.Examples.WebApiNetCore31.csproj", "{E0737F23-0A7A-4FDE-A372-FAAB5C9C1979}"
EndProject
Project("{FAE04EC0-301F-11D3-BF4B-00C04F79EFBC}") = "OpenAISharp.Examples.ConsoleNet7", "OpenAISharp.Examples.ConsoleNet7\OpenAISharp.Examples.ConsoleNet7.csproj", "{CBFEC7D0-7F18-427A-96D1-EF72A6F9AE97}"
EndProject
Project("{FAE04EC0-301F-11D3-BF4B-00C04F79EFBC}") = "OpenAISharp.Examples.ConsoleNet6", "OpenAISharp.Examples.ConsoleNet6\OpenAISharp.Examples.ConsoleNet6.csproj", "{98746A3B-D0D0-4CCC-B468-B86C83464047}"
EndProject
Project("{9A19103F-16F7-4668-BE54-9A1E7A4F7556}") = "OpenAISharp.Examples.ConsoleNetCore31", "OpenAISharp.Examples.ConsoleNetCore31\OpenAISharp.Examples.ConsoleNetCore31.csproj", "{69635C25-5D94-4FBA-B846-04C7277F1680}"
EndProject
Project("{FAE04EC0-301F-11D3-BF4B-00C04F79EFBC}") = "OpenAISharp.Examples.FunctionsNet7", "OpenAISharp.Examples.FunctionsNet7\OpenAISharp.Examples.FunctionsNet7.csproj", "{0C6F09F0-79FD-4B16-9956-C92A35C70DBF}"
EndProject
Project("{FAE04EC0-301F-11D3-BF4B-00C04F79EFBC}") = "OpenAISharp.Examples.FunctionsNet6", "OpenAISharp.Examples.FunctionsNet6\OpenAISharp.Examples.FunctionsNet6.csproj", "{0733597B-96FD-4ABE-B003-B00FE82BD7AF}"
EndProject
Project("{FAE04EC0-301F-11D3-BF4B-00C04F79EFBC}") = "OpenAISharp.Examples.FunctionsNet6Isolated", "OpenAISharp.Examples.FunctionsNet6Isolated\OpenAISharp.Examples.FunctionsNet6Isolated.csproj", "{062A15B5-8633-49FA-B0C1-5FEEF4EFB0E9}"
EndProject
Project("{FAE04EC0-301F-11D3-BF4B-00C04F79EFBC}") = "OpenAISharp.Examples.FunctionsNetCore31", "OpenAISharp.Examples.FunctionsNetCore31\OpenAISharp.Examples.FunctionsNetCore31.csproj", "{00C4D0D7-243F-4990-9743-045D90C1E086}"
EndProject
Project("{FAE04EC0-301F-11D3-BF4B-00C04F79EFBC}") = "OpenAISharp.Examples.WpfNetCore31", "OpenAISharp.Examples.WpfNetCore31\OpenAISharp.Examples.WpfNetCore31.csproj", "{599499A9-BF2A-4D0A-B457-C2ED84CC4AA6}"
EndProject
Project("{FAE04EC0-301F-11D3-BF4B-00C04F79EFBC}") = "OpenAISharp.Examples.WpfNet6", "OpenAISharp.Examples.WpfNet6\OpenAISharp.Examples.WpfNet6.csproj", "{1DC3B3C7-B45C-48D6-829B-201F0FA13048}"
EndProject
Project("{FAE04EC0-301F-11D3-BF4B-00C04F79EFBC}") = "OpenAISharp.Examples.WpfNet7", "OpenAISharp.Examples.WpfNet7\OpenAISharp.Examples.WpfNet7.csproj", "{E4FEA5ED-378C-41E0-9713-D73F4067E698}"
EndProject
Project("{9A19103F-16F7-4668-BE54-9A1E7A4F7556}") = "OpenAISharp.Examples.WindowsFormsNet7", "OpenAISharp.Examples.WindowsFormsNet7\OpenAISharp.Examples.WindowsFormsNet7.csproj", "{7F761460-EF8F-4AF8-997D-1DD00ABC8917}"
EndProject
Project("{FAE04EC0-301F-11D3-BF4B-00C04F79EFBC}") = "OpenAISharp.Examples.WindowsFormsNet6", "OpenAISharp.Examples.WindowsFormsNet6\OpenAISharp.Examples.WindowsFormsNet6.csproj", "{B237FF9A-4BF4-4A34-9FC1-3C607BF65164}"
EndProject
Project("{FAE04EC0-301F-11D3-BF4B-00C04F79EFBC}") = "OpenAISharp.Examples.WindowsFormsNetCore31", "OpenAISharp.Examples.WindowsFormsNetCore31\OpenAISharp.Examples.WindowsFormsNetCore31.csproj", "{31510BE8-4942-421A-B8BB-A2D1F29DD174}"
EndProject
Global
	GlobalSection(SolutionConfigurationPlatforms) = preSolution
		Debug|Any CPU = Debug|Any CPU
		Debug|iPhone = Debug|iPhone
		Debug|iPhoneSimulator = Debug|iPhoneSimulator
		Release|Any CPU = Release|Any CPU
		Release|iPhone = Release|iPhone
		Release|iPhoneSimulator = Release|iPhoneSimulator
	EndGlobalSection
	GlobalSection(ProjectConfigurationPlatforms) = postSolution
		{5D07517B-15B6-4352-B686-D9252F36B2C8}.Debug|Any CPU.ActiveCfg = Debug|Any CPU
		{5D07517B-15B6-4352-B686-D9252F36B2C8}.Debug|Any CPU.Build.0 = Debug|Any CPU
		{5D07517B-15B6-4352-B686-D9252F36B2C8}.Debug|iPhone.ActiveCfg = Debug|Any CPU
		{5D07517B-15B6-4352-B686-D9252F36B2C8}.Debug|iPhone.Build.0 = Debug|Any CPU
		{5D07517B-15B6-4352-B686-D9252F36B2C8}.Debug|iPhoneSimulator.ActiveCfg = Debug|Any CPU
		{5D07517B-15B6-4352-B686-D9252F36B2C8}.Debug|iPhoneSimulator.Build.0 = Debug|Any CPU
		{5D07517B-15B6-4352-B686-D9252F36B2C8}.Release|Any CPU.ActiveCfg = Release|Any CPU
		{5D07517B-15B6-4352-B686-D9252F36B2C8}.Release|Any CPU.Build.0 = Release|Any CPU
		{5D07517B-15B6-4352-B686-D9252F36B2C8}.Release|iPhone.ActiveCfg = Release|Any CPU
		{5D07517B-15B6-4352-B686-D9252F36B2C8}.Release|iPhone.Build.0 = Release|Any CPU
		{5D07517B-15B6-4352-B686-D9252F36B2C8}.Release|iPhoneSimulator.ActiveCfg = Release|Any CPU
		{5D07517B-15B6-4352-B686-D9252F36B2C8}.Release|iPhoneSimulator.Build.0 = Release|Any CPU
		{3B423983-AD48-4024-B895-B4E6F08D0C53}.Debug|Any CPU.ActiveCfg = Debug|Any CPU
		{3B423983-AD48-4024-B895-B4E6F08D0C53}.Debug|Any CPU.Build.0 = Debug|Any CPU
		{3B423983-AD48-4024-B895-B4E6F08D0C53}.Debug|iPhone.ActiveCfg = Debug|Any CPU
		{3B423983-AD48-4024-B895-B4E6F08D0C53}.Debug|iPhone.Build.0 = Debug|Any CPU
		{3B423983-AD48-4024-B895-B4E6F08D0C53}.Debug|iPhoneSimulator.ActiveCfg = Debug|Any CPU
		{3B423983-AD48-4024-B895-B4E6F08D0C53}.Debug|iPhoneSimulator.Build.0 = Debug|Any CPU
		{3B423983-AD48-4024-B895-B4E6F08D0C53}.Release|Any CPU.ActiveCfg = Release|Any CPU
		{3B423983-AD48-4024-B895-B4E6F08D0C53}.Release|Any CPU.Build.0 = Release|Any CPU
		{3B423983-AD48-4024-B895-B4E6F08D0C53}.Release|iPhone.ActiveCfg = Release|Any CPU
		{3B423983-AD48-4024-B895-B4E6F08D0C53}.Release|iPhone.Build.0 = Release|Any CPU
		{3B423983-AD48-4024-B895-B4E6F08D0C53}.Release|iPhoneSimulator.ActiveCfg = Release|Any CPU
		{3B423983-AD48-4024-B895-B4E6F08D0C53}.Release|iPhoneSimulator.Build.0 = Release|Any CPU
		{D9699575-C28B-48DD-AACA-7AA0BCFA67FF}.Debug|Any CPU.ActiveCfg = Debug|Any CPU
		{D9699575-C28B-48DD-AACA-7AA0BCFA67FF}.Debug|Any CPU.Build.0 = Debug|Any CPU
		{D9699575-C28B-48DD-AACA-7AA0BCFA67FF}.Debug|iPhone.ActiveCfg = Debug|Any CPU
		{D9699575-C28B-48DD-AACA-7AA0BCFA67FF}.Debug|iPhone.Build.0 = Debug|Any CPU
		{D9699575-C28B-48DD-AACA-7AA0BCFA67FF}.Debug|iPhoneSimulator.ActiveCfg = Debug|Any CPU
		{D9699575-C28B-48DD-AACA-7AA0BCFA67FF}.Debug|iPhoneSimulator.Build.0 = Debug|Any CPU
		{D9699575-C28B-48DD-AACA-7AA0BCFA67FF}.Release|Any CPU.ActiveCfg = Release|Any CPU
		{D9699575-C28B-48DD-AACA-7AA0BCFA67FF}.Release|Any CPU.Build.0 = Release|Any CPU
		{D9699575-C28B-48DD-AACA-7AA0BCFA67FF}.Release|iPhone.ActiveCfg = Release|Any CPU
		{D9699575-C28B-48DD-AACA-7AA0BCFA67FF}.Release|iPhone.Build.0 = Release|Any CPU
		{D9699575-C28B-48DD-AACA-7AA0BCFA67FF}.Release|iPhoneSimulator.ActiveCfg = Release|Any CPU
		{D9699575-C28B-48DD-AACA-7AA0BCFA67FF}.Release|iPhoneSimulator.Build.0 = Release|Any CPU
		{966C6FD5-7A84-4D74-9BF7-65ECE201AA05}.Debug|Any CPU.ActiveCfg = Debug|Any CPU
		{966C6FD5-7A84-4D74-9BF7-65ECE201AA05}.Debug|Any CPU.Build.0 = Debug|Any CPU
		{966C6FD5-7A84-4D74-9BF7-65ECE201AA05}.Debug|iPhone.ActiveCfg = Debug|Any CPU
		{966C6FD5-7A84-4D74-9BF7-65ECE201AA05}.Debug|iPhone.Build.0 = Debug|Any CPU
		{966C6FD5-7A84-4D74-9BF7-65ECE201AA05}.Debug|iPhoneSimulator.ActiveCfg = Debug|Any CPU
		{966C6FD5-7A84-4D74-9BF7-65ECE201AA05}.Debug|iPhoneSimulator.Build.0 = Debug|Any CPU
		{966C6FD5-7A84-4D74-9BF7-65ECE201AA05}.Release|Any CPU.ActiveCfg = Release|Any CPU
		{966C6FD5-7A84-4D74-9BF7-65ECE201AA05}.Release|Any CPU.Build.0 = Release|Any CPU
		{966C6FD5-7A84-4D74-9BF7-65ECE201AA05}.Release|iPhone.ActiveCfg = Release|Any CPU
		{966C6FD5-7A84-4D74-9BF7-65ECE201AA05}.Release|iPhone.Build.0 = Release|Any CPU
		{966C6FD5-7A84-4D74-9BF7-65ECE201AA05}.Release|iPhoneSimulator.ActiveCfg = Release|Any CPU
		{966C6FD5-7A84-4D74-9BF7-65ECE201AA05}.Release|iPhoneSimulator.Build.0 = Release|Any CPU
		{E0737F23-0A7A-4FDE-A372-FAAB5C9C1979}.Debug|Any CPU.ActiveCfg = Debug|Any CPU
		{E0737F23-0A7A-4FDE-A372-FAAB5C9C1979}.Debug|Any CPU.Build.0 = Debug|Any CPU
		{E0737F23-0A7A-4FDE-A372-FAAB5C9C1979}.Debug|iPhone.ActiveCfg = Debug|Any CPU
		{E0737F23-0A7A-4FDE-A372-FAAB5C9C1979}.Debug|iPhone.Build.0 = Debug|Any CPU
		{E0737F23-0A7A-4FDE-A372-FAAB5C9C1979}.Debug|iPhoneSimulator.ActiveCfg = Debug|Any CPU
		{E0737F23-0A7A-4FDE-A372-FAAB5C9C1979}.Debug|iPhoneSimulator.Build.0 = Debug|Any CPU
		{E0737F23-0A7A-4FDE-A372-FAAB5C9C1979}.Release|Any CPU.ActiveCfg = Release|Any CPU
		{E0737F23-0A7A-4FDE-A372-FAAB5C9C1979}.Release|Any CPU.Build.0 = Release|Any CPU
		{E0737F23-0A7A-4FDE-A372-FAAB5C9C1979}.Release|iPhone.ActiveCfg = Release|Any CPU
		{E0737F23-0A7A-4FDE-A372-FAAB5C9C1979}.Release|iPhone.Build.0 = Release|Any CPU
		{E0737F23-0A7A-4FDE-A372-FAAB5C9C1979}.Release|iPhoneSimulator.ActiveCfg = Release|Any CPU
		{E0737F23-0A7A-4FDE-A372-FAAB5C9C1979}.Release|iPhoneSimulator.Build.0 = Release|Any CPU
		{CBFEC7D0-7F18-427A-96D1-EF72A6F9AE97}.Debug|Any CPU.ActiveCfg = Debug|Any CPU
		{CBFEC7D0-7F18-427A-96D1-EF72A6F9AE97}.Debug|Any CPU.Build.0 = Debug|Any CPU
		{CBFEC7D0-7F18-427A-96D1-EF72A6F9AE97}.Debug|iPhone.ActiveCfg = Debug|Any CPU
		{CBFEC7D0-7F18-427A-96D1-EF72A6F9AE97}.Debug|iPhone.Build.0 = Debug|Any CPU
		{CBFEC7D0-7F18-427A-96D1-EF72A6F9AE97}.Debug|iPhoneSimulator.ActiveCfg = Debug|Any CPU
		{CBFEC7D0-7F18-427A-96D1-EF72A6F9AE97}.Debug|iPhoneSimulator.Build.0 = Debug|Any CPU
		{CBFEC7D0-7F18-427A-96D1-EF72A6F9AE97}.Release|Any CPU.ActiveCfg = Release|Any CPU
		{CBFEC7D0-7F18-427A-96D1-EF72A6F9AE97}.Release|Any CPU.Build.0 = Release|Any CPU
		{CBFEC7D0-7F18-427A-96D1-EF72A6F9AE97}.Release|iPhone.ActiveCfg = Release|Any CPU
		{CBFEC7D0-7F18-427A-96D1-EF72A6F9AE97}.Release|iPhone.Build.0 = Release|Any CPU
		{CBFEC7D0-7F18-427A-96D1-EF72A6F9AE97}.Release|iPhoneSimulator.ActiveCfg = Release|Any CPU
		{CBFEC7D0-7F18-427A-96D1-EF72A6F9AE97}.Release|iPhoneSimulator.Build.0 = Release|Any CPU
		{98746A3B-D0D0-4CCC-B468-B86C83464047}.Debug|Any CPU.ActiveCfg = Debug|Any CPU
		{98746A3B-D0D0-4CCC-B468-B86C83464047}.Debug|Any CPU.Build.0 = Debug|Any CPU
		{98746A3B-D0D0-4CCC-B468-B86C83464047}.Debug|iPhone.ActiveCfg = Debug|Any CPU
		{98746A3B-D0D0-4CCC-B468-B86C83464047}.Debug|iPhone.Build.0 = Debug|Any CPU
		{98746A3B-D0D0-4CCC-B468-B86C83464047}.Debug|iPhoneSimulator.ActiveCfg = Debug|Any CPU
		{98746A3B-D0D0-4CCC-B468-B86C83464047}.Debug|iPhoneSimulator.Build.0 = Debug|Any CPU
		{98746A3B-D0D0-4CCC-B468-B86C83464047}.Release|Any CPU.ActiveCfg = Release|Any CPU
		{98746A3B-D0D0-4CCC-B468-B86C83464047}.Release|Any CPU.Build.0 = Release|Any CPU
		{98746A3B-D0D0-4CCC-B468-B86C83464047}.Release|iPhone.ActiveCfg = Release|Any CPU
		{98746A3B-D0D0-4CCC-B468-B86C83464047}.Release|iPhone.Build.0 = Release|Any CPU
		{98746A3B-D0D0-4CCC-B468-B86C83464047}.Release|iPhoneSimulator.ActiveCfg = Release|Any CPU
		{98746A3B-D0D0-4CCC-B468-B86C83464047}.Release|iPhoneSimulator.Build.0 = Release|Any CPU
		{69635C25-5D94-4FBA-B846-04C7277F1680}.Debug|Any CPU.ActiveCfg = Debug|Any CPU
		{69635C25-5D94-4FBA-B846-04C7277F1680}.Debug|Any CPU.Build.0 = Debug|Any CPU
		{69635C25-5D94-4FBA-B846-04C7277F1680}.Debug|iPhone.ActiveCfg = Debug|Any CPU
		{69635C25-5D94-4FBA-B846-04C7277F1680}.Debug|iPhone.Build.0 = Debug|Any CPU
		{69635C25-5D94-4FBA-B846-04C7277F1680}.Debug|iPhoneSimulator.ActiveCfg = Debug|Any CPU
		{69635C25-5D94-4FBA-B846-04C7277F1680}.Debug|iPhoneSimulator.Build.0 = Debug|Any CPU
		{69635C25-5D94-4FBA-B846-04C7277F1680}.Release|Any CPU.ActiveCfg = Release|Any CPU
		{69635C25-5D94-4FBA-B846-04C7277F1680}.Release|Any CPU.Build.0 = Release|Any CPU
		{69635C25-5D94-4FBA-B846-04C7277F1680}.Release|iPhone.ActiveCfg = Release|Any CPU
		{69635C25-5D94-4FBA-B846-04C7277F1680}.Release|iPhone.Build.0 = Release|Any CPU
		{69635C25-5D94-4FBA-B846-04C7277F1680}.Release|iPhoneSimulator.ActiveCfg = Release|Any CPU
		{69635C25-5D94-4FBA-B846-04C7277F1680}.Release|iPhoneSimulator.Build.0 = Release|Any CPU
		{0C6F09F0-79FD-4B16-9956-C92A35C70DBF}.Debug|Any CPU.ActiveCfg = Debug|Any CPU
		{0C6F09F0-79FD-4B16-9956-C92A35C70DBF}.Debug|Any CPU.Build.0 = Debug|Any CPU
		{0C6F09F0-79FD-4B16-9956-C92A35C70DBF}.Debug|iPhone.ActiveCfg = Debug|Any CPU
		{0C6F09F0-79FD-4B16-9956-C92A35C70DBF}.Debug|iPhone.Build.0 = Debug|Any CPU
		{0C6F09F0-79FD-4B16-9956-C92A35C70DBF}.Debug|iPhoneSimulator.ActiveCfg = Debug|Any CPU
		{0C6F09F0-79FD-4B16-9956-C92A35C70DBF}.Debug|iPhoneSimulator.Build.0 = Debug|Any CPU
		{0C6F09F0-79FD-4B16-9956-C92A35C70DBF}.Release|Any CPU.ActiveCfg = Release|Any CPU
		{0C6F09F0-79FD-4B16-9956-C92A35C70DBF}.Release|Any CPU.Build.0 = Release|Any CPU
		{0C6F09F0-79FD-4B16-9956-C92A35C70DBF}.Release|iPhone.ActiveCfg = Release|Any CPU
		{0C6F09F0-79FD-4B16-9956-C92A35C70DBF}.Release|iPhone.Build.0 = Release|Any CPU
		{0C6F09F0-79FD-4B16-9956-C92A35C70DBF}.Release|iPhoneSimulator.ActiveCfg = Release|Any CPU
		{0C6F09F0-79FD-4B16-9956-C92A35C70DBF}.Release|iPhoneSimulator.Build.0 = Release|Any CPU
		{0733597B-96FD-4ABE-B003-B00FE82BD7AF}.Debug|Any CPU.ActiveCfg = Debug|Any CPU
		{0733597B-96FD-4ABE-B003-B00FE82BD7AF}.Debug|Any CPU.Build.0 = Debug|Any CPU
		{0733597B-96FD-4ABE-B003-B00FE82BD7AF}.Debug|iPhone.ActiveCfg = Debug|Any CPU
		{0733597B-96FD-4ABE-B003-B00FE82BD7AF}.Debug|iPhone.Build.0 = Debug|Any CPU
		{0733597B-96FD-4ABE-B003-B00FE82BD7AF}.Debug|iPhoneSimulator.ActiveCfg = Debug|Any CPU
		{0733597B-96FD-4ABE-B003-B00FE82BD7AF}.Debug|iPhoneSimulator.Build.0 = Debug|Any CPU
		{0733597B-96FD-4ABE-B003-B00FE82BD7AF}.Release|Any CPU.ActiveCfg = Release|Any CPU
		{0733597B-96FD-4ABE-B003-B00FE82BD7AF}.Release|Any CPU.Build.0 = Release|Any CPU
		{0733597B-96FD-4ABE-B003-B00FE82BD7AF}.Release|iPhone.ActiveCfg = Release|Any CPU
		{0733597B-96FD-4ABE-B003-B00FE82BD7AF}.Release|iPhone.Build.0 = Release|Any CPU
		{0733597B-96FD-4ABE-B003-B00FE82BD7AF}.Release|iPhoneSimulator.ActiveCfg = Release|Any CPU
		{0733597B-96FD-4ABE-B003-B00FE82BD7AF}.Release|iPhoneSimulator.Build.0 = Release|Any CPU
		{062A15B5-8633-49FA-B0C1-5FEEF4EFB0E9}.Debug|Any CPU.ActiveCfg = Debug|Any CPU
		{062A15B5-8633-49FA-B0C1-5FEEF4EFB0E9}.Debug|Any CPU.Build.0 = Debug|Any CPU
		{062A15B5-8633-49FA-B0C1-5FEEF4EFB0E9}.Debug|iPhone.ActiveCfg = Debug|Any CPU
		{062A15B5-8633-49FA-B0C1-5FEEF4EFB0E9}.Debug|iPhone.Build.0 = Debug|Any CPU
		{062A15B5-8633-49FA-B0C1-5FEEF4EFB0E9}.Debug|iPhoneSimulator.ActiveCfg = Debug|Any CPU
		{062A15B5-8633-49FA-B0C1-5FEEF4EFB0E9}.Debug|iPhoneSimulator.Build.0 = Debug|Any CPU
		{062A15B5-8633-49FA-B0C1-5FEEF4EFB0E9}.Release|Any CPU.ActiveCfg = Release|Any CPU
		{062A15B5-8633-49FA-B0C1-5FEEF4EFB0E9}.Release|Any CPU.Build.0 = Release|Any CPU
		{062A15B5-8633-49FA-B0C1-5FEEF4EFB0E9}.Release|iPhone.ActiveCfg = Release|Any CPU
		{062A15B5-8633-49FA-B0C1-5FEEF4EFB0E9}.Release|iPhone.Build.0 = Release|Any CPU
		{062A15B5-8633-49FA-B0C1-5FEEF4EFB0E9}.Release|iPhoneSimulator.ActiveCfg = Release|Any CPU
		{062A15B5-8633-49FA-B0C1-5FEEF4EFB0E9}.Release|iPhoneSimulator.Build.0 = Release|Any CPU
		{00C4D0D7-243F-4990-9743-045D90C1E086}.Debug|Any CPU.ActiveCfg = Debug|Any CPU
		{00C4D0D7-243F-4990-9743-045D90C1E086}.Debug|Any CPU.Build.0 = Debug|Any CPU
		{00C4D0D7-243F-4990-9743-045D90C1E086}.Debug|iPhone.ActiveCfg = Debug|Any CPU
		{00C4D0D7-243F-4990-9743-045D90C1E086}.Debug|iPhone.Build.0 = Debug|Any CPU
		{00C4D0D7-243F-4990-9743-045D90C1E086}.Debug|iPhoneSimulator.ActiveCfg = Debug|Any CPU
		{00C4D0D7-243F-4990-9743-045D90C1E086}.Debug|iPhoneSimulator.Build.0 = Debug|Any CPU
		{00C4D0D7-243F-4990-9743-045D90C1E086}.Release|Any CPU.ActiveCfg = Release|Any CPU
		{00C4D0D7-243F-4990-9743-045D90C1E086}.Release|Any CPU.Build.0 = Release|Any CPU
		{00C4D0D7-243F-4990-9743-045D90C1E086}.Release|iPhone.ActiveCfg = Release|Any CPU
		{00C4D0D7-243F-4990-9743-045D90C1E086}.Release|iPhone.Build.0 = Release|Any CPU
		{00C4D0D7-243F-4990-9743-045D90C1E086}.Release|iPhoneSimulator.ActiveCfg = Release|Any CPU
		{00C4D0D7-243F-4990-9743-045D90C1E086}.Release|iPhoneSimulator.Build.0 = Release|Any CPU
		{599499A9-BF2A-4D0A-B457-C2ED84CC4AA6}.Debug|Any CPU.ActiveCfg = Debug|Any CPU
		{599499A9-BF2A-4D0A-B457-C2ED84CC4AA6}.Debug|Any CPU.Build.0 = Debug|Any CPU
		{599499A9-BF2A-4D0A-B457-C2ED84CC4AA6}.Debug|iPhone.ActiveCfg = Debug|Any CPU
		{599499A9-BF2A-4D0A-B457-C2ED84CC4AA6}.Debug|iPhone.Build.0 = Debug|Any CPU
		{599499A9-BF2A-4D0A-B457-C2ED84CC4AA6}.Debug|iPhoneSimulator.ActiveCfg = Debug|Any CPU
		{599499A9-BF2A-4D0A-B457-C2ED84CC4AA6}.Debug|iPhoneSimulator.Build.0 = Debug|Any CPU
		{599499A9-BF2A-4D0A-B457-C2ED84CC4AA6}.Release|Any CPU.ActiveCfg = Release|Any CPU
		{599499A9-BF2A-4D0A-B457-C2ED84CC4AA6}.Release|Any CPU.Build.0 = Release|Any CPU
		{599499A9-BF2A-4D0A-B457-C2ED84CC4AA6}.Release|iPhone.ActiveCfg = Release|Any CPU
		{599499A9-BF2A-4D0A-B457-C2ED84CC4AA6}.Release|iPhone.Build.0 = Release|Any CPU
		{599499A9-BF2A-4D0A-B457-C2ED84CC4AA6}.Release|iPhoneSimulator.ActiveCfg = Release|Any CPU
		{599499A9-BF2A-4D0A-B457-C2ED84CC4AA6}.Release|iPhoneSimulator.Build.0 = Release|Any CPU
		{1DC3B3C7-B45C-48D6-829B-201F0FA13048}.Debug|Any CPU.ActiveCfg = Debug|Any CPU
		{1DC3B3C7-B45C-48D6-829B-201F0FA13048}.Debug|Any CPU.Build.0 = Debug|Any CPU
		{1DC3B3C7-B45C-48D6-829B-201F0FA13048}.Debug|iPhone.ActiveCfg = Debug|Any CPU
		{1DC3B3C7-B45C-48D6-829B-201F0FA13048}.Debug|iPhone.Build.0 = Debug|Any CPU
		{1DC3B3C7-B45C-48D6-829B-201F0FA13048}.Debug|iPhoneSimulator.ActiveCfg = Debug|Any CPU
		{1DC3B3C7-B45C-48D6-829B-201F0FA13048}.Debug|iPhoneSimulator.Build.0 = Debug|Any CPU
		{1DC3B3C7-B45C-48D6-829B-201F0FA13048}.Release|Any CPU.ActiveCfg = Release|Any CPU
		{1DC3B3C7-B45C-48D6-829B-201F0FA13048}.Release|Any CPU.Build.0 = Release|Any CPU
		{1DC3B3C7-B45C-48D6-829B-201F0FA13048}.Release|iPhone.ActiveCfg = Release|Any CPU
		{1DC3B3C7-B45C-48D6-829B-201F0FA13048}.Release|iPhone.Build.0 = Release|Any CPU
		{1DC3B3C7-B45C-48D6-829B-201F0FA13048}.Release|iPhoneSimulator.ActiveCfg = Release|Any CPU
		{1DC3B3C7-B45C-48D6-829B-201F0FA13048}.Release|iPhoneSimulator.Build.0 = Release|Any CPU
		{E4FEA5ED-378C-41E0-9713-D73F4067E698}.Debug|Any CPU.ActiveCfg = Debug|Any CPU
		{E4FEA5ED-378C-41E0-9713-D73F4067E698}.Debug|Any CPU.Build.0 = Debug|Any CPU
		{E4FEA5ED-378C-41E0-9713-D73F4067E698}.Debug|iPhone.ActiveCfg = Debug|Any CPU
		{E4FEA5ED-378C-41E0-9713-D73F4067E698}.Debug|iPhone.Build.0 = Debug|Any CPU
		{E4FEA5ED-378C-41E0-9713-D73F4067E698}.Debug|iPhoneSimulator.ActiveCfg = Debug|Any CPU
		{E4FEA5ED-378C-41E0-9713-D73F4067E698}.Debug|iPhoneSimulator.Build.0 = Debug|Any CPU
		{E4FEA5ED-378C-41E0-9713-D73F4067E698}.Release|Any CPU.ActiveCfg = Release|Any CPU
		{E4FEA5ED-378C-41E0-9713-D73F4067E698}.Release|Any CPU.Build.0 = Release|Any CPU
		{E4FEA5ED-378C-41E0-9713-D73F4067E698}.Release|iPhone.ActiveCfg = Release|Any CPU
		{E4FEA5ED-378C-41E0-9713-D73F4067E698}.Release|iPhone.Build.0 = Release|Any CPU
		{E4FEA5ED-378C-41E0-9713-D73F4067E698}.Release|iPhoneSimulator.ActiveCfg = Release|Any CPU
		{E4FEA5ED-378C-41E0-9713-D73F4067E698}.Release|iPhoneSimulator.Build.0 = Release|Any CPU
		{7F761460-EF8F-4AF8-997D-1DD00ABC8917}.Debug|Any CPU.ActiveCfg = Debug|Any CPU
		{7F761460-EF8F-4AF8-997D-1DD00ABC8917}.Debug|Any CPU.Build.0 = Debug|Any CPU
		{7F761460-EF8F-4AF8-997D-1DD00ABC8917}.Debug|iPhone.ActiveCfg = Debug|Any CPU
		{7F761460-EF8F-4AF8-997D-1DD00ABC8917}.Debug|iPhone.Build.0 = Debug|Any CPU
		{7F761460-EF8F-4AF8-997D-1DD00ABC8917}.Debug|iPhoneSimulator.ActiveCfg = Debug|Any CPU
		{7F761460-EF8F-4AF8-997D-1DD00ABC8917}.Debug|iPhoneSimulator.Build.0 = Debug|Any CPU
		{7F761460-EF8F-4AF8-997D-1DD00ABC8917}.Release|Any CPU.ActiveCfg = Release|Any CPU
		{7F761460-EF8F-4AF8-997D-1DD00ABC8917}.Release|Any CPU.Build.0 = Release|Any CPU
		{7F761460-EF8F-4AF8-997D-1DD00ABC8917}.Release|iPhone.ActiveCfg = Release|Any CPU
		{7F761460-EF8F-4AF8-997D-1DD00ABC8917}.Release|iPhone.Build.0 = Release|Any CPU
		{7F761460-EF8F-4AF8-997D-1DD00ABC8917}.Release|iPhoneSimulator.ActiveCfg = Release|Any CPU
		{7F761460-EF8F-4AF8-997D-1DD00ABC8917}.Release|iPhoneSimulator.Build.0 = Release|Any CPU
		{B237FF9A-4BF4-4A34-9FC1-3C607BF65164}.Debug|Any CPU.ActiveCfg = Debug|Any CPU
		{B237FF9A-4BF4-4A34-9FC1-3C607BF65164}.Debug|Any CPU.Build.0 = Debug|Any CPU
		{B237FF9A-4BF4-4A34-9FC1-3C607BF65164}.Debug|iPhone.ActiveCfg = Debug|Any CPU
		{B237FF9A-4BF4-4A34-9FC1-3C607BF65164}.Debug|iPhone.Build.0 = Debug|Any CPU
		{B237FF9A-4BF4-4A34-9FC1-3C607BF65164}.Debug|iPhoneSimulator.ActiveCfg = Debug|Any CPU
		{B237FF9A-4BF4-4A34-9FC1-3C607BF65164}.Debug|iPhoneSimulator.Build.0 = Debug|Any CPU
		{B237FF9A-4BF4-4A34-9FC1-3C607BF65164}.Release|Any CPU.ActiveCfg = Release|Any CPU
		{B237FF9A-4BF4-4A34-9FC1-3C607BF65164}.Release|Any CPU.Build.0 = Release|Any CPU
		{B237FF9A-4BF4-4A34-9FC1-3C607BF65164}.Release|iPhone.ActiveCfg = Release|Any CPU
		{B237FF9A-4BF4-4A34-9FC1-3C607BF65164}.Release|iPhone.Build.0 = Release|Any CPU
		{B237FF9A-4BF4-4A34-9FC1-3C607BF65164}.Release|iPhoneSimulator.ActiveCfg = Release|Any CPU
		{B237FF9A-4BF4-4A34-9FC1-3C607BF65164}.Release|iPhoneSimulator.Build.0 = Release|Any CPU
		{31510BE8-4942-421A-B8BB-A2D1F29DD174}.Debug|Any CPU.ActiveCfg = Debug|Any CPU
		{31510BE8-4942-421A-B8BB-A2D1F29DD174}.Debug|Any CPU.Build.0 = Debug|Any CPU
		{31510BE8-4942-421A-B8BB-A2D1F29DD174}.Debug|iPhone.ActiveCfg = Debug|Any CPU
		{31510BE8-4942-421A-B8BB-A2D1F29DD174}.Debug|iPhone.Build.0 = Debug|Any CPU
		{31510BE8-4942-421A-B8BB-A2D1F29DD174}.Debug|iPhoneSimulator.ActiveCfg = Debug|Any CPU
		{31510BE8-4942-421A-B8BB-A2D1F29DD174}.Debug|iPhoneSimulator.Build.0 = Debug|Any CPU
		{31510BE8-4942-421A-B8BB-A2D1F29DD174}.Release|Any CPU.ActiveCfg = Release|Any CPU
		{31510BE8-4942-421A-B8BB-A2D1F29DD174}.Release|Any CPU.Build.0 = Release|Any CPU
		{31510BE8-4942-421A-B8BB-A2D1F29DD174}.Release|iPhone.ActiveCfg = Release|Any CPU
		{31510BE8-4942-421A-B8BB-A2D1F29DD174}.Release|iPhone.Build.0 = Release|Any CPU
		{31510BE8-4942-421A-B8BB-A2D1F29DD174}.Release|iPhoneSimulator.ActiveCfg = Release|Any CPU
		{31510BE8-4942-421A-B8BB-A2D1F29DD174}.Release|iPhoneSimulator.Build.0 = Release|Any CPU
	EndGlobalSection
	GlobalSection(SolutionProperties) = preSolution
		HideSolutionNode = FALSE
	EndGlobalSection
	GlobalSection(ExtensibilityGlobals) = postSolution
		SolutionGuid = {BEDBF8FB-11B4-47DB-B706-40EB8CBB5BBD}
	EndGlobalSection
EndGlobal
